
Microsoft Visual Studio Solution File, Format Version 12.00
# Visual Studio Version 16
VisualStudioVersion = 16.0.30621.155
MinimumVisualStudioVersion = 10.0.40219.1
Project("{FAE04EC0-301F-11D3-BF4B-00C04F79EFBC}") = "CINE", "CINE\CINE.csproj", "{AFEF538B-2B11-485A-811A-0EC509648E2A}"
EndProject
Global
	GlobalSection(SolutionConfigurationPlatforms) = preSolution
		Debug|Any CPU = Debug|Any CPU
		Release|Any CPU = Release|Any CPU
	EndGlobalSection
	GlobalSection(ProjectConfigurationPlatforms) = postSolution
		{AFEF538B-2B11-485A-811A-0EC509648E2A}.Debug|Any CPU.ActiveCfg = Debug|Any CPU
		{AFEF538B-2B11-485A-811A-0EC509648E2A}.Debug|Any CPU.Build.0 = Debug|Any CPU
		{AFEF538B-2B11-485A-811A-0EC509648E2A}.Release|Any CPU.ActiveCfg = Release|Any CPU
		{AFEF538B-2B11-485A-811A-0EC509648E2A}.Release|Any CPU.Build.0 = Release|Any CPU
	EndGlobalSection
	GlobalSection(SolutionProperties) = preSolution
		HideSolutionNode = FALSE
	EndGlobalSection
	GlobalSection(ExtensibilityGlobals) = postSolution
		SolutionGuid = {D2DE946A-6704-4504-B0DE-D670233A1871}
	EndGlobalSection
EndGlobal
